
Microsoft Visual Studio Solution File, Format Version 12.00
# Visual Studio 2012
Project("{FAE04EC0-301F-11D3-BF4B-00C04F79EFBC}") = "LiveSDK.Android", "binding\LiveSDK.Android\LiveSDK.Android.csproj", "{F523B62B-9E53-48BB-88D4-CE067456A337}"
EndProject
Project("{FAE04EC0-301F-11D3-BF4B-00C04F79EFBC}") = "LiveSDKSampleAndroid", "samples\LiveSDKSampleAndroid\LiveSDKSampleAndroid\LiveSDKSampleAndroid.csproj", "{C4753F02-ED4A-406F-B476-7D88704EC327}"
EndProject
Project("{FAE04EC0-301F-11D3-BF4B-00C04F79EFBC}") = "OneDriveSDK.Android", "binding\OneDriveSDK.Android\OneDriveSDK.Android.csproj", "{851AF7A8-1B84-47DD-A1FF-701852C265A6}"
EndProject
Project("{FAE04EC0-301F-11D3-BF4B-00C04F79EFBC}") = "OneDriveSDKPickerSampleAndroid", "samples\OneDriveSDKPickerSampleAndroid\OneDriveSDKPickerSampleAndroid.csproj", "{294ECC68-404E-4DED-B8EB-EAF192CDB323}"
EndProject
Project("{FAE04EC0-301F-11D3-BF4B-00C04F79EFBC}") = "OneDriveSDKSaverSampleAndroid", "samples\OneDriveSDKSaverSampleAndroid\OneDriveSDKSaverSampleAndroid.csproj", "{294ECC68-404E-4DED-B8EB-EAF192CDB327}"
EndProject
Global
	GlobalSection(SolutionConfigurationPlatforms) = preSolution
		Debug|Any CPU = Debug|Any CPU
		Release|Any CPU = Release|Any CPU
	EndGlobalSection
	GlobalSection(ProjectConfigurationPlatforms) = postSolution
		{294ECC68-404E-4DED-B8EB-EAF192CDB323}.Debug|Any CPU.ActiveCfg = Debug|Any CPU
		{294ECC68-404E-4DED-B8EB-EAF192CDB323}.Debug|Any CPU.Build.0 = Debug|Any CPU
		{294ECC68-404E-4DED-B8EB-EAF192CDB323}.Release|Any CPU.ActiveCfg = Release|Any CPU
		{294ECC68-404E-4DED-B8EB-EAF192CDB323}.Release|Any CPU.Build.0 = Release|Any CPU
		{294ECC68-404E-4DED-B8EB-EAF192CDB327}.Debug|Any CPU.ActiveCfg = Debug|Any CPU
		{294ECC68-404E-4DED-B8EB-EAF192CDB327}.Debug|Any CPU.Build.0 = Debug|Any CPU
		{294ECC68-404E-4DED-B8EB-EAF192CDB327}.Release|Any CPU.ActiveCfg = Release|Any CPU
		{294ECC68-404E-4DED-B8EB-EAF192CDB327}.Release|Any CPU.Build.0 = Release|Any CPU
		{851AF7A8-1B84-47DD-A1FF-701852C265A6}.Debug|Any CPU.ActiveCfg = Debug|Any CPU
		{851AF7A8-1B84-47DD-A1FF-701852C265A6}.Debug|Any CPU.Build.0 = Debug|Any CPU
		{851AF7A8-1B84-47DD-A1FF-701852C265A6}.Release|Any CPU.ActiveCfg = Release|Any CPU
		{851AF7A8-1B84-47DD-A1FF-701852C265A6}.Release|Any CPU.Build.0 = Release|Any CPU
		{C4753F02-ED4A-406F-B476-7D88704EC327}.Debug|Any CPU.ActiveCfg = Debug|Any CPU
		{C4753F02-ED4A-406F-B476-7D88704EC327}.Debug|Any CPU.Build.0 = Debug|Any CPU
		{C4753F02-ED4A-406F-B476-7D88704EC327}.Release|Any CPU.ActiveCfg = Release|Any CPU
		{C4753F02-ED4A-406F-B476-7D88704EC327}.Release|Any CPU.Build.0 = Release|Any CPU
		{F523B62B-9E53-48BB-88D4-CE067456A337}.Debug|Any CPU.ActiveCfg = Debug|Any CPU
		{F523B62B-9E53-48BB-88D4-CE067456A337}.Debug|Any CPU.Build.0 = Debug|Any CPU
		{F523B62B-9E53-48BB-88D4-CE067456A337}.Release|Any CPU.ActiveCfg = Release|Any CPU
		{F523B62B-9E53-48BB-88D4-CE067456A337}.Release|Any CPU.Build.0 = Release|Any CPU
	EndGlobalSection
EndGlobal
